
Microsoft Visual Studio Solution File, Format Version 12.00
# Visual Studio Version 17
VisualStudioVersion = 17.6.33801.468
MinimumVisualStudioVersion = 10.0.40219.1
Project("{8BC9CEB8-8B4A-11D0-8D11-00A0C91BC942}") = "10", "10.vcxproj", "{E87A29E1-FD97-446C-B0DF-38D84A40B080}"
EndProject
Project("{8BC9CEB8-8B4A-11D0-8D11-00A0C91BC942}") = "11", "..\11\11.vcxproj", "{838B7560-F4C1-437A-A7CF-AEC3AF70AE4F}"
EndProject
Global
	GlobalSection(SolutionConfigurationPlatforms) = preSolution
		Debug|x64 = Debug|x64
		Debug|x86 = Debug|x86
		Release|x64 = Release|x64
		Release|x86 = Release|x86
	EndGlobalSection
	GlobalSection(ProjectConfigurationPlatforms) = postSolution
		{E87A29E1-FD97-446C-B0DF-38D84A40B080}.Debug|x64.ActiveCfg = Debug|x64
		{E87A29E1-FD97-446C-B0DF-38D84A40B080}.Debug|x64.Build.0 = Debug|x64
		{E87A29E1-FD97-446C-B0DF-38D84A40B080}.Debug|x86.ActiveCfg = Debug|Win32
		{E87A29E1-FD97-446C-B0DF-38D84A40B080}.Debug|x86.Build.0 = Debug|Win32
		{E87A29E1-FD97-446C-B0DF-38D84A40B080}.Release|x64.ActiveCfg = Release|x64
		{E87A29E1-FD97-446C-B0DF-38D84A40B080}.Release|x64.Build.0 = Release|x64
		{E87A29E1-FD97-446C-B0DF-38D84A40B080}.Release|x86.ActiveCfg = Release|Win32
		{E87A29E1-FD97-446C-B0DF-38D84A40B080}.Release|x86.Build.0 = Release|Win32
		{838B7560-F4C1-437A-A7CF-AEC3AF70AE4F}.Debug|x64.ActiveCfg = Debug|x64
		{838B7560-F4C1-437A-A7CF-AEC3AF70AE4F}.Debug|x64.Build.0 = Debug|x64
		{838B7560-F4C1-437A-A7CF-AEC3AF70AE4F}.Debug|x86.ActiveCfg = Debug|Win32
		{838B7560-F4C1-437A-A7CF-AEC3AF70AE4F}.Debug|x86.Build.0 = Debug|Win32
		{838B7560-F4C1-437A-A7CF-AEC3AF70AE4F}.Release|x64.ActiveCfg = Release|x64
		{838B7560-F4C1-437A-A7CF-AEC3AF70AE4F}.Release|x64.Build.0 = Release|x64
		{838B7560-F4C1-437A-A7CF-AEC3AF70AE4F}.Release|x86.ActiveCfg = Release|Win32
		{838B7560-F4C1-437A-A7CF-AEC3AF70AE4F}.Release|x86.Build.0 = Release|Win32
	EndGlobalSection
	GlobalSection(SolutionProperties) = preSolution
		HideSolutionNode = FALSE
	EndGlobalSection
	GlobalSection(ExtensibilityGlobals) = postSolution
		SolutionGuid = {E4FC2B8B-B460-4830-AC54-87F3AA9DD6E2}
	EndGlobalSection
EndGlobal
